
Microsoft Visual Studio Solution File, Format Version 12.00
# Visual Studio Version 16
VisualStudioVersion = 16.0.30523.141
MinimumVisualStudioVersion = 10.0.40219.1
Project("{FAE04EC0-301F-11D3-BF4B-00C04F79EFBC}") = "Moldovan_Sonia_Lab10.Android", "Moldovan_Sonia_Lab10\Moldovan_Sonia_Lab10.Android\Moldovan_Sonia_Lab10.Android.csproj", "{3595DAE0-56D7-4589-A0C0-63AC24E7E746}"
EndProject
Project("{FAE04EC0-301F-11D3-BF4B-00C04F79EFBC}") = "Moldovan_Sonia_Lab10.iOS", "Moldovan_Sonia_Lab10\Moldovan_Sonia_Lab10.iOS\Moldovan_Sonia_Lab10.iOS.csproj", "{42AF6F90-721B-47E8-859F-0DFBA7C0BD82}"
EndProject
Project("{FAE04EC0-301F-11D3-BF4B-00C04F79EFBC}") = "Moldovan_Sonia_Lab10", "Moldovan_Sonia_Lab10\Moldovan_Sonia_Lab10\Moldovan_Sonia_Lab10.csproj", "{33079333-E7AF-4FA6-95B1-1B779EC819FB}"
EndProject
Global
	GlobalSection(SolutionConfigurationPlatforms) = preSolution
		Debug|Any CPU = Debug|Any CPU
		Debug|iPhone = Debug|iPhone
		Debug|iPhoneSimulator = Debug|iPhoneSimulator
		Release|Any CPU = Release|Any CPU
		Release|iPhone = Release|iPhone
		Release|iPhoneSimulator = Release|iPhoneSimulator
	EndGlobalSection
	GlobalSection(ProjectConfigurationPlatforms) = postSolution
		{3595DAE0-56D7-4589-A0C0-63AC24E7E746}.Debug|Any CPU.ActiveCfg = Debug|Any CPU
		{3595DAE0-56D7-4589-A0C0-63AC24E7E746}.Debug|Any CPU.Build.0 = Debug|Any CPU
		{3595DAE0-56D7-4589-A0C0-63AC24E7E746}.Debug|Any CPU.Deploy.0 = Debug|Any CPU
		{3595DAE0-56D7-4589-A0C0-63AC24E7E746}.Debug|iPhone.ActiveCfg = Debug|Any CPU
		{3595DAE0-56D7-4589-A0C0-63AC24E7E746}.Debug|iPhone.Build.0 = Debug|Any CPU
		{3595DAE0-56D7-4589-A0C0-63AC24E7E746}.Debug|iPhone.Deploy.0 = Debug|Any CPU
		{3595DAE0-56D7-4589-A0C0-63AC24E7E746}.Debug|iPhoneSimulator.ActiveCfg = Debug|Any CPU
		{3595DAE0-56D7-4589-A0C0-63AC24E7E746}.Debug|iPhoneSimulator.Build.0 = Debug|Any CPU
		{3595DAE0-56D7-4589-A0C0-63AC24E7E746}.Debug|iPhoneSimulator.Deploy.0 = Debug|Any CPU
		{3595DAE0-56D7-4589-A0C0-63AC24E7E746}.Release|Any CPU.ActiveCfg = Release|Any CPU
		{3595DAE0-56D7-4589-A0C0-63AC24E7E746}.Release|Any CPU.Build.0 = Release|Any CPU
		{3595DAE0-56D7-4589-A0C0-63AC24E7E746}.Release|Any CPU.Deploy.0 = Release|Any CPU
		{3595DAE0-56D7-4589-A0C0-63AC24E7E746}.Release|iPhone.ActiveCfg = Release|Any CPU
		{3595DAE0-56D7-4589-A0C0-63AC24E7E746}.Release|iPhone.Build.0 = Release|Any CPU
		{3595DAE0-56D7-4589-A0C0-63AC24E7E746}.Release|iPhone.Deploy.0 = Release|Any CPU
		{3595DAE0-56D7-4589-A0C0-63AC24E7E746}.Release|iPhoneSimulator.ActiveCfg = Release|Any CPU
		{3595DAE0-56D7-4589-A0C0-63AC24E7E746}.Release|iPhoneSimulator.Build.0 = Release|Any CPU
		{3595DAE0-56D7-4589-A0C0-63AC24E7E746}.Release|iPhoneSimulator.Deploy.0 = Release|Any CPU
		{42AF6F90-721B-47E8-859F-0DFBA7C0BD82}.Debug|Any CPU.ActiveCfg = Debug|iPhone
		{42AF6F90-721B-47E8-859F-0DFBA7C0BD82}.Debug|Any CPU.Build.0 = Debug|iPhone
		{42AF6F90-721B-47E8-859F-0DFBA7C0BD82}.Debug|Any CPU.Deploy.0 = Debug|iPhone
		{42AF6F90-721B-47E8-859F-0DFBA7C0BD82}.Debug|iPhone.ActiveCfg = Debug|iPhone
		{42AF6F90-721B-47E8-859F-0DFBA7C0BD82}.Debug|iPhone.Build.0 = Debug|iPhone
		{42AF6F90-721B-47E8-859F-0DFBA7C0BD82}.Debug|iPhone.Deploy.0 = Debug|iPhone
		{42AF6F90-721B-47E8-859F-0DFBA7C0BD82}.Debug|iPhoneSimulator.ActiveCfg = Debug|iPhoneSimulator
		{42AF6F90-721B-47E8-859F-0DFBA7C0BD82}.Debug|iPhoneSimulator.Build.0 = Debug|iPhoneSimulator
		{42AF6F90-721B-47E8-859F-0DFBA7C0BD82}.Debug|iPhoneSimulator.Deploy.0 = Debug|iPhoneSimulator
		{42AF6F90-721B-47E8-859F-0DFBA7C0BD82}.Release|Any CPU.ActiveCfg = Release|iPhoneSimulator
		{42AF6F90-721B-47E8-859F-0DFBA7C0BD82}.Release|Any CPU.Build.0 = Release|iPhoneSimulator
		{42AF6F90-721B-47E8-859F-0DFBA7C0BD82}.Release|Any CPU.Deploy.0 = Release|iPhoneSimulator
		{42AF6F90-721B-47E8-859F-0DFBA7C0BD82}.Release|iPhone.ActiveCfg = Release|iPhone
		{42AF6F90-721B-47E8-859F-0DFBA7C0BD82}.Release|iPhone.Build.0 = Release|iPhone
		{42AF6F90-721B-47E8-859F-0DFBA7C0BD82}.Release|iPhone.Deploy.0 = Release|iPhone
		{42AF6F90-721B-47E8-859F-0DFBA7C0BD82}.Release|iPhoneSimulator.ActiveCfg = Release|iPhoneSimulator
		{42AF6F90-721B-47E8-859F-0DFBA7C0BD82}.Release|iPhoneSimulator.Build.0 = Release|iPhoneSimulator
		{42AF6F90-721B-47E8-859F-0DFBA7C0BD82}.Release|iPhoneSimulator.Deploy.0 = Release|iPhoneSimulator
		{33079333-E7AF-4FA6-95B1-1B779EC819FB}.Debug|Any CPU.ActiveCfg = Debug|Any CPU
		{33079333-E7AF-4FA6-95B1-1B779EC819FB}.Debug|Any CPU.Build.0 = Debug|Any CPU
		{33079333-E7AF-4FA6-95B1-1B779EC819FB}.Debug|Any CPU.Deploy.0 = Debug|Any CPU
		{33079333-E7AF-4FA6-95B1-1B779EC819FB}.Debug|iPhone.ActiveCfg = Debug|Any CPU
		{33079333-E7AF-4FA6-95B1-1B779EC819FB}.Debug|iPhone.Build.0 = Debug|Any CPU
		{33079333-E7AF-4FA6-95B1-1B779EC819FB}.Debug|iPhone.Deploy.0 = Debug|Any CPU
		{33079333-E7AF-4FA6-95B1-1B779EC819FB}.Debug|iPhoneSimulator.ActiveCfg = Debug|Any CPU
		{33079333-E7AF-4FA6-95B1-1B779EC819FB}.Debug|iPhoneSimulator.Build.0 = Debug|Any CPU
		{33079333-E7AF-4FA6-95B1-1B779EC819FB}.Debug|iPhoneSimulator.Deploy.0 = Debug|Any CPU
		{33079333-E7AF-4FA6-95B1-1B779EC819FB}.Release|Any CPU.ActiveCfg = Release|Any CPU
		{33079333-E7AF-4FA6-95B1-1B779EC819FB}.Release|Any CPU.Build.0 = Release|Any CPU
		{33079333-E7AF-4FA6-95B1-1B779EC819FB}.Release|Any CPU.Deploy.0 = Release|Any CPU
		{33079333-E7AF-4FA6-95B1-1B779EC819FB}.Release|iPhone.ActiveCfg = Release|Any CPU
		{33079333-E7AF-4FA6-95B1-1B779EC819FB}.Release|iPhone.Build.0 = Release|Any CPU
		{33079333-E7AF-4FA6-95B1-1B779EC819FB}.Release|iPhone.Deploy.0 = Release|Any CPU
		{33079333-E7AF-4FA6-95B1-1B779EC819FB}.Release|iPhoneSimulator.ActiveCfg = Release|Any CPU
		{33079333-E7AF-4FA6-95B1-1B779EC819FB}.Release|iPhoneSimulator.Build.0 = Release|Any CPU
		{33079333-E7AF-4FA6-95B1-1B779EC819FB}.Release|iPhoneSimulator.Deploy.0 = Release|Any CPU
	EndGlobalSection
	GlobalSection(SolutionProperties) = preSolution
		HideSolutionNode = FALSE
	EndGlobalSection
	GlobalSection(ExtensibilityGlobals) = postSolution
		SolutionGuid = {DE4A5ECB-57A5-4B0B-942D-1A3ED209C5F1}
	EndGlobalSection
EndGlobal
